// !$*UTF8*$!
{
	archiveVersion = 1;
	classes = {
	};
	objectVersion = 55;
	objects = {

/* Begin PBXBuildFile section */
		32487B7928910D8B001C479D /* TabBarView.swift in Sources */ = {isa = PBXBuildFile; fileRef = 32487B7828910D8B001C479D /* TabBarView.swift */; };
		325598E32887C9A100089BE9 /* focused.xcdatamodeld in Sources */ = {isa = PBXBuildFile; fileRef = 325598D02887C9A000089BE9 /* focused.xcdatamodeld */; };
		325598E42887C9A100089BE9 /* focused.xcdatamodeld in Sources */ = {isa = PBXBuildFile; fileRef = 325598D02887C9A000089BE9 /* focused.xcdatamodeld */; };
		325598E52887C9A100089BE9 /* focusedApp.swift in Sources */ = {isa = PBXBuildFile; fileRef = 325598D22887C9A000089BE9 /* focusedApp.swift */; };
		325598E62887C9A100089BE9 /* focusedApp.swift in Sources */ = {isa = PBXBuildFile; fileRef = 325598D22887C9A000089BE9 /* focusedApp.swift */; };
		325598E72887C9A100089BE9 /* ContentView.swift in Sources */ = {isa = PBXBuildFile; fileRef = 325598D32887C9A000089BE9 /* ContentView.swift */; };
		325598E82887C9A100089BE9 /* ContentView.swift in Sources */ = {isa = PBXBuildFile; fileRef = 325598D32887C9A000089BE9 /* ContentView.swift */; };
		325598E92887C9A100089BE9 /* Persistence.swift in Sources */ = {isa = PBXBuildFile; fileRef = 325598D42887C9A000089BE9 /* Persistence.swift */; };
		325598EA2887C9A100089BE9 /* Persistence.swift in Sources */ = {isa = PBXBuildFile; fileRef = 325598D42887C9A000089BE9 /* Persistence.swift */; };
		325598EB2887C9A100089BE9 /* Assets.xcassets in Resources */ = {isa = PBXBuildFile; fileRef = 325598D52887C9A100089BE9 /* Assets.xcassets */; };
		325598EC2887C9A100089BE9 /* Assets.xcassets in Resources */ = {isa = PBXBuildFile; fileRef = 325598D52887C9A100089BE9 /* Assets.xcassets */; };
		3261F74028918766005B7754 /* SideBarView.swift in Sources */ = {isa = PBXBuildFile; fileRef = 3261F73E28918684005B7754 /* SideBarView.swift */; };
		3261F7702891EEEC005B7754 /* TodayScreenView.swift in Sources */ = {isa = PBXBuildFile; fileRef = 3261F76F2891EEEC005B7754 /* TodayScreenView.swift */; };
		3261F7712891EF15005B7754 /* TodayScreenView.swift in Sources */ = {isa = PBXBuildFile; fileRef = 3261F76F2891EEEC005B7754 /* TodayScreenView.swift */; };
		3261F7732891F438005B7754 /* TaskModel.swift in Sources */ = {isa = PBXBuildFile; fileRef = 3261F7722891F438005B7754 /* TaskModel.swift */; };
		3261F7742891F4E6005B7754 /* TaskModel.swift in Sources */ = {isa = PBXBuildFile; fileRef = 3261F7722891F438005B7754 /* TaskModel.swift */; };
		3261F7762891F525005B7754 /* TaskViewModel.swift in Sources */ = {isa = PBXBuildFile; fileRef = 3261F7752891F525005B7754 /* TaskViewModel.swift */; };
		3261F7772891F945005B7754 /* TaskViewModel.swift in Sources */ = {isa = PBXBuildFile; fileRef = 3261F7752891F525005B7754 /* TaskViewModel.swift */; };
		3261F7792891FE4B005B7754 /* GreetingsView.swift in Sources */ = {isa = PBXBuildFile; fileRef = 3261F7782891FE4B005B7754 /* GreetingsView.swift */; };
		3261F77A2891FE4B005B7754 /* GreetingsView.swift in Sources */ = {isa = PBXBuildFile; fileRef = 3261F7782891FE4B005B7754 /* GreetingsView.swift */; };
		3261F77C28920649005B7754 /* WelcomeScreen.swift in Sources */ = {isa = PBXBuildFile; fileRef = 3261F77B28920649005B7754 /* WelcomeScreen.swift */; };
		3261F7A928922BAB005B7754 /* HistoryScreenView.swift in Sources */ = {isa = PBXBuildFile; fileRef = 3261F7A828922BAB005B7754 /* HistoryScreenView.swift */; };
		3261F7AA28922BAB005B7754 /* HistoryScreenView.swift in Sources */ = {isa = PBXBuildFile; fileRef = 3261F7A828922BAB005B7754 /* HistoryScreenView.swift */; };
		3261F7AC28923B22005B7754 /* TaskListItems.swift in Sources */ = {isa = PBXBuildFile; fileRef = 3261F7AB28923B22005B7754 /* TaskListItems.swift */; };
		3261F7AD28923B22005B7754 /* TaskListItems.swift in Sources */ = {isa = PBXBuildFile; fileRef = 3261F7AB28923B22005B7754 /* TaskListItems.swift */; };
		3261F7AF28924BED005B7754 /* NewTaskSheetView.swift in Sources */ = {isa = PBXBuildFile; fileRef = 3261F7AE28924BED005B7754 /* NewTaskSheetView.swift */; };
		3261F7B028924BED005B7754 /* NewTaskSheetView.swift in Sources */ = {isa = PBXBuildFile; fileRef = 3261F7AE28924BED005B7754 /* NewTaskSheetView.swift */; };
/* End PBXBuildFile section */

/* Begin PBXFileReference section */
		32487B7828910D8B001C479D /* TabBarView.swift */ = {isa = PBXFileReference; lastKnownFileType = sourcecode.swift; path = TabBarView.swift; sourceTree = "<group>"; };
		325598D12887C9A000089BE9 /* Shared.xcdatamodel */ = {isa = PBXFileReference; lastKnownFileType = wrapper.xcdatamodel; path = Shared.xcdatamodel; sourceTree = "<group>"; };
		325598D22887C9A000089BE9 /* focusedApp.swift */ = {isa = PBXFileReference; lastKnownFileType = sourcecode.swift; path = focusedApp.swift; sourceTree = "<group>"; };
		325598D32887C9A000089BE9 /* ContentView.swift */ = {isa = PBXFileReference; lastKnownFileType = sourcecode.swift; path = ContentView.swift; sourceTree = "<group>"; };
		325598D42887C9A000089BE9 /* Persistence.swift */ = {isa = PBXFileReference; lastKnownFileType = sourcecode.swift; path = Persistence.swift; sourceTree = "<group>"; };
		325598D52887C9A100089BE9 /* Assets.xcassets */ = {isa = PBXFileReference; lastKnownFileType = folder.assetcatalog; path = Assets.xcassets; sourceTree = "<group>"; };
		325598DA2887C9A100089BE9 /* focused.app */ = {isa = PBXFileReference; explicitFileType = wrapper.application; includeInIndex = 0; path = focused.app; sourceTree = BUILT_PRODUCTS_DIR; };
		325598E02887C9A100089BE9 /* focused.app */ = {isa = PBXFileReference; explicitFileType = wrapper.application; includeInIndex = 0; path = focused.app; sourceTree = BUILT_PRODUCTS_DIR; };
		325598E22887C9A100089BE9 /* macOS.entitlements */ = {isa = PBXFileReference; lastKnownFileType = text.plist.entitlements; path = macOS.entitlements; sourceTree = "<group>"; };
		325598F52887CA4900089BE9 /* focused (iOS).entitlements */ = {isa = PBXFileReference; lastKnownFileType = text.plist.entitlements; path = "focused (iOS).entitlements"; sourceTree = "<group>"; };
		3261F73E28918684005B7754 /* SideBarView.swift */ = {isa = PBXFileReference; lastKnownFileType = sourcecode.swift; path = SideBarView.swift; sourceTree = "<group>"; };
		3261F76F2891EEEC005B7754 /* TodayScreenView.swift */ = {isa = PBXFileReference; lastKnownFileType = sourcecode.swift; path = TodayScreenView.swift; sourceTree = "<group>"; };
		3261F7722891F438005B7754 /* TaskModel.swift */ = {isa = PBXFileReference; lastKnownFileType = sourcecode.swift; path = TaskModel.swift; sourceTree = "<group>"; };
		3261F7752891F525005B7754 /* TaskViewModel.swift */ = {isa = PBXFileReference; lastKnownFileType = sourcecode.swift; path = TaskViewModel.swift; sourceTree = "<group>"; };
		3261F7782891FE4B005B7754 /* GreetingsView.swift */ = {isa = PBXFileReference; lastKnownFileType = sourcecode.swift; path = GreetingsView.swift; sourceTree = "<group>"; };
		3261F77B28920649005B7754 /* WelcomeScreen.swift */ = {isa = PBXFileReference; lastKnownFileType = sourcecode.swift; path = WelcomeScreen.swift; sourceTree = "<group>"; };
		3261F7A828922BAB005B7754 /* HistoryScreenView.swift */ = {isa = PBXFileReference; lastKnownFileType = sourcecode.swift; path = HistoryScreenView.swift; sourceTree = "<group>"; };
		3261F7AB28923B22005B7754 /* TaskListItems.swift */ = {isa = PBXFileReference; lastKnownFileType = sourcecode.swift; path = TaskListItems.swift; sourceTree = "<group>"; };
		3261F7AE28924BED005B7754 /* NewTaskSheetView.swift */ = {isa = PBXFileReference; lastKnownFileType = sourcecode.swift; path = NewTaskSheetView.swift; sourceTree = "<group>"; };
/* End PBXFileReference section */

/* Begin PBXFrameworksBuildPhase section */
		325598D72887C9A100089BE9 /* Frameworks */ = {
			isa = PBXFrameworksBuildPhase;
			buildActionMask = 2147483647;
			files = (
			);
			runOnlyForDeploymentPostprocessing = 0;
		};
		325598DD2887C9A100089BE9 /* Frameworks */ = {
			isa = PBXFrameworksBuildPhase;
			buildActionMask = 2147483647;
			files = (
			);
			runOnlyForDeploymentPostprocessing = 0;
		};
/* End PBXFrameworksBuildPhase section */

/* Begin PBXGroup section */
		32487B7628910BC7001C479D /* Component */ = {
			isa = PBXGroup;
			children = (
				32487B7828910D8B001C479D /* TabBarView.swift */,
				3261F73E28918684005B7754 /* SideBarView.swift */,
				3261F7782891FE4B005B7754 /* GreetingsView.swift */,
				3261F77B28920649005B7754 /* WelcomeScreen.swift */,
				3261F7AB28923B22005B7754 /* TaskListItems.swift */,
			);
			path = Component;
			sourceTree = "<group>";
		};
		32487B7728910BD6001C479D /* ViewModel */ = {
			isa = PBXGroup;
			children = (
				3261F7752891F525005B7754 /* TaskViewModel.swift */,
			);
			path = ViewModel;
			sourceTree = "<group>";
		};
		325598CA2887C9A000089BE9 = {
			isa = PBXGroup;
			children = (
				325598F52887CA4900089BE9 /* focused (iOS).entitlements */,
				325598CF2887C9A000089BE9 /* Shared */,
				325598E12887C9A100089BE9 /* macOS */,
				325598DB2887C9A100089BE9 /* Products */,
			);
			sourceTree = "<group>";
		};
		325598CF2887C9A000089BE9 /* Shared */ = {
			isa = PBXGroup;
			children = (
				3261F76D2891EEBA005B7754 /* View */,
				3261F76C2891EEA7005B7754 /* Model */,
				32487B7728910BD6001C479D /* ViewModel */,
				325598D22887C9A000089BE9 /* focusedApp.swift */,
				325598D32887C9A000089BE9 /* ContentView.swift */,
				325598D42887C9A000089BE9 /* Persistence.swift */,
				325598D52887C9A100089BE9 /* Assets.xcassets */,
				325598D02887C9A000089BE9 /* focused.xcdatamodeld */,
			);
			path = Shared;
			sourceTree = "<group>";
		};
		325598DB2887C9A100089BE9 /* Products */ = {
			isa = PBXGroup;
			children = (
				325598DA2887C9A100089BE9 /* focused.app */,
				325598E02887C9A100089BE9 /* focused.app */,
			);
			name = Products;
			sourceTree = "<group>";
		};
		325598E12887C9A100089BE9 /* macOS */ = {
			isa = PBXGroup;
			children = (
				325598E22887C9A100089BE9 /* macOS.entitlements */,
			);
			path = macOS;
			sourceTree = "<group>";
		};
		3261F76C2891EEA7005B7754 /* Model */ = {
			isa = PBXGroup;
			children = (
				3261F7722891F438005B7754 /* TaskModel.swift */,
			);
			path = Model;
			sourceTree = "<group>";
		};
		3261F76D2891EEBA005B7754 /* View */ = {
			isa = PBXGroup;
			children = (
				3261F76E2891EEC9005B7754 /* Screen */,
				32487B7628910BC7001C479D /* Component */,
			);
			path = View;
			sourceTree = "<group>";
		};
		3261F76E2891EEC9005B7754 /* Screen */ = {
			isa = PBXGroup;
			children = (
				3261F76F2891EEEC005B7754 /* TodayScreenView.swift */,
				3261F7A828922BAB005B7754 /* HistoryScreenView.swift */,
				3261F7AE28924BED005B7754 /* NewTaskSheetView.swift */,
			);
			path = Screen;
			sourceTree = "<group>";
		};
/* End PBXGroup section */

/* Begin PBXNativeTarget section */
		325598D92887C9A100089BE9 /* focused (iOS) */ = {
			isa = PBXNativeTarget;
			buildConfigurationList = 325598EF2887C9A100089BE9 /* Build configuration list for PBXNativeTarget "focused (iOS)" */;
			buildPhases = (
				325598D62887C9A100089BE9 /* Sources */,
				325598D72887C9A100089BE9 /* Frameworks */,
				325598D82887C9A100089BE9 /* Resources */,
			);
			buildRules = (
			);
			dependencies = (
			);
			name = "focused (iOS)";
			productName = "focused (iOS)";
			productReference = 325598DA2887C9A100089BE9 /* focused.app */;
			productType = "com.apple.product-type.application";
		};
		325598DF2887C9A100089BE9 /* focused (macOS) */ = {
			isa = PBXNativeTarget;
			buildConfigurationList = 325598F22887C9A100089BE9 /* Build configuration list for PBXNativeTarget "focused (macOS)" */;
			buildPhases = (
				325598DC2887C9A100089BE9 /* Sources */,
				325598DD2887C9A100089BE9 /* Frameworks */,
				325598DE2887C9A100089BE9 /* Resources */,
			);
			buildRules = (
			);
			dependencies = (
			);
			name = "focused (macOS)";
			productName = "focused (macOS)";
			productReference = 325598E02887C9A100089BE9 /* focused.app */;
			productType = "com.apple.product-type.application";
		};
/* End PBXNativeTarget section */

/* Begin PBXProject section */
		325598CB2887C9A000089BE9 /* Project object */ = {
			isa = PBXProject;
			attributes = {
				BuildIndependentTargetsInParallel = 1;
				LastSwiftUpdateCheck = 1340;
				LastUpgradeCheck = 1340;
				TargetAttributes = {
					325598D92887C9A100089BE9 = {
						CreatedOnToolsVersion = 13.4.1;
					};
					325598DF2887C9A100089BE9 = {
						CreatedOnToolsVersion = 13.4.1;
					};
				};
			};
			buildConfigurationList = 325598CE2887C9A000089BE9 /* Build configuration list for PBXProject "focused" */;
			compatibilityVersion = "Xcode 13.0";
			developmentRegion = en;
			hasScannedForEncodings = 0;
			knownRegions = (
				en,
				Base,
			);
			mainGroup = 325598CA2887C9A000089BE9;
			productRefGroup = 325598DB2887C9A100089BE9 /* Products */;
			projectDirPath = "";
			projectRoot = "";
			targets = (
				325598D92887C9A100089BE9 /* focused (iOS) */,
				325598DF2887C9A100089BE9 /* focused (macOS) */,
			);
		};
/* End PBXProject section */

/* Begin PBXResourcesBuildPhase section */
		325598D82887C9A100089BE9 /* Resources */ = {
			isa = PBXResourcesBuildPhase;
			buildActionMask = 2147483647;
			files = (
				325598EB2887C9A100089BE9 /* Assets.xcassets in Resources */,
			);
			runOnlyForDeploymentPostprocessing = 0;
		};
		325598DE2887C9A100089BE9 /* Resources */ = {
			isa = PBXResourcesBuildPhase;
			buildActionMask = 2147483647;
			files = (
				325598EC2887C9A100089BE9 /* Assets.xcassets in Resources */,
			);
			runOnlyForDeploymentPostprocessing = 0;
		};
/* End PBXResourcesBuildPhase section */

/* Begin PBXSourcesBuildPhase section */
		325598D62887C9A100089BE9 /* Sources */ = {
			isa = PBXSourcesBuildPhase;
			buildActionMask = 2147483647;
			files = (
				325598E32887C9A100089BE9 /* focused.xcdatamodeld in Sources */,
				325598E92887C9A100089BE9 /* Persistence.swift in Sources */,
				3261F7702891EEEC005B7754 /* TodayScreenView.swift in Sources */,
				325598E52887C9A100089BE9 /* focusedApp.swift in Sources */,
				325598E72887C9A100089BE9 /* ContentView.swift in Sources */,
				3261F7792891FE4B005B7754 /* GreetingsView.swift in Sources */,
				3261F7762891F525005B7754 /* TaskViewModel.swift in Sources */,
				32487B7928910D8B001C479D /* TabBarView.swift in Sources */,
				3261F7AC28923B22005B7754 /* TaskListItems.swift in Sources */,
				3261F7AF28924BED005B7754 /* NewTaskSheetView.swift in Sources */,
				3261F7732891F438005B7754 /* TaskModel.swift in Sources */,
				3261F7A928922BAB005B7754 /* HistoryScreenView.swift in Sources */,
			);
			runOnlyForDeploymentPostprocessing = 0;
		};
		325598DC2887C9A100089BE9 /* Sources */ = {
			isa = PBXSourcesBuildPhase;
			buildActionMask = 2147483647;
			files = (
				325598E42887C9A100089BE9 /* focused.xcdatamodeld in Sources */,
				3261F7AA28922BAB005B7754 /* HistoryScreenView.swift in Sources */,
				3261F7B028924BED005B7754 /* NewTaskSheetView.swift in Sources */,
				325598EA2887C9A100089BE9 /* Persistence.swift in Sources */,
				3261F7AD28923B22005B7754 /* TaskListItems.swift in Sources */,
				3261F77C28920649005B7754 /* WelcomeScreen.swift in Sources */,
				3261F7712891EF15005B7754 /* TodayScreenView.swift in Sources */,
				325598E62887C9A100089BE9 /* focusedApp.swift in Sources */,
				3261F74028918766005B7754 /* SideBarView.swift in Sources */,
				3261F77A2891FE4B005B7754 /* GreetingsView.swift in Sources */,
				3261F7772891F945005B7754 /* TaskViewModel.swift in Sources */,
				325598E82887C9A100089BE9 /* ContentView.swift in Sources */,
				3261F7742891F4E6005B7754 /* TaskModel.swift in Sources */,
			);
			runOnlyForDeploymentPostprocessing = 0;
		};
/* End PBXSourcesBuildPhase section */

/* Begin XCBuildConfiguration section */
		325598ED2887C9A100089BE9 /* Debug */ = {
			isa = XCBuildConfiguration;
			buildSettings = {
				ALWAYS_SEARCH_USER_PATHS = NO;
				CLANG_ANALYZER_NONNULL = YES;
				CLANG_ANALYZER_NUMBER_OBJECT_CONVERSION = YES_AGGRESSIVE;
				CLANG_CXX_LANGUAGE_STANDARD = "gnu++17";
				CLANG_ENABLE_MODULES = YES;
				CLANG_ENABLE_OBJC_ARC = YES;
				CLANG_ENABLE_OBJC_WEAK = YES;
				CLANG_WARN_BLOCK_CAPTURE_AUTORELEASING = YES;
				CLANG_WARN_BOOL_CONVERSION = YES;
				CLANG_WARN_COMMA = YES;
				CLANG_WARN_CONSTANT_CONVERSION = YES;
				CLANG_WARN_DEPRECATED_OBJC_IMPLEMENTATIONS = YES;
				CLANG_WARN_DIRECT_OBJC_ISA_USAGE = YES_ERROR;
				CLANG_WARN_DOCUMENTATION_COMMENTS = YES;
				CLANG_WARN_EMPTY_BODY = YES;
				CLANG_WARN_ENUM_CONVERSION = YES;
				CLANG_WARN_INFINITE_RECURSION = YES;
				CLANG_WARN_INT_CONVERSION = YES;
				CLANG_WARN_NON_LITERAL_NULL_CONVERSION = YES;
				CLANG_WARN_OBJC_IMPLICIT_RETAIN_SELF = YES;
				CLANG_WARN_OBJC_LITERAL_CONVERSION = YES;
				CLANG_WARN_OBJC_ROOT_CLASS = YES_ERROR;
				CLANG_WARN_QUOTED_INCLUDE_IN_FRAMEWORK_HEADER = YES;
				CLANG_WARN_RANGE_LOOP_ANALYSIS = YES;
				CLANG_WARN_STRICT_PROTOTYPES = YES;
				CLANG_WARN_SUSPICIOUS_MOVE = YES;
				CLANG_WARN_UNGUARDED_AVAILABILITY = YES_AGGRESSIVE;
				CLANG_WARN_UNREACHABLE_CODE = YES;
				CLANG_WARN__DUPLICATE_METHOD_MATCH = YES;
				COPY_PHASE_STRIP = NO;
				DEBUG_INFORMATION_FORMAT = dwarf;
				ENABLE_STRICT_OBJC_MSGSEND = YES;
				ENABLE_TESTABILITY = YES;
				GCC_C_LANGUAGE_STANDARD = gnu11;
				GCC_DYNAMIC_NO_PIC = NO;
				GCC_NO_COMMON_BLOCKS = YES;
				GCC_OPTIMIZATION_LEVEL = 0;
				GCC_PREPROCESSOR_DEFINITIONS = (
					"DEBUG=1",
					"$(inherited)",
				);
				GCC_WARN_64_TO_32_BIT_CONVERSION = YES;
				GCC_WARN_ABOUT_RETURN_TYPE = YES_ERROR;
				GCC_WARN_UNDECLARED_SELECTOR = YES;
				GCC_WARN_UNINITIALIZED_AUTOS = YES_AGGRESSIVE;
				GCC_WARN_UNUSED_FUNCTION = YES;
				GCC_WARN_UNUSED_VARIABLE = YES;
				MTL_ENABLE_DEBUG_INFO = INCLUDE_SOURCE;
				MTL_FAST_MATH = YES;
				ONLY_ACTIVE_ARCH = YES;
				SWIFT_ACTIVE_COMPILATION_CONDITIONS = DEBUG;
				SWIFT_OPTIMIZATION_LEVEL = "-Onone";
			};
			name = Debug;
		};
		325598EE2887C9A100089BE9 /* Release */ = {
			isa = XCBuildConfiguration;
			buildSettings = {
				ALWAYS_SEARCH_USER_PATHS = NO;
				CLANG_ANALYZER_NONNULL = YES;
				CLANG_ANALYZER_NUMBER_OBJECT_CONVERSION = YES_AGGRESSIVE;
				CLANG_CXX_LANGUAGE_STANDARD = "gnu++17";
				CLANG_ENABLE_MODULES = YES;
				CLANG_ENABLE_OBJC_ARC = YES;
				CLANG_ENABLE_OBJC_WEAK = YES;
				CLANG_WARN_BLOCK_CAPTURE_AUTORELEASING = YES;
				CLANG_WARN_BOOL_CONVERSION = YES;
				CLANG_WARN_COMMA = YES;
				CLANG_WARN_CONSTANT_CONVERSION = YES;
				CLANG_WARN_DEPRECATED_OBJC_IMPLEMENTATIONS = YES;
				CLANG_WARN_DIRECT_OBJC_ISA_USAGE = YES_ERROR;
				CLANG_WARN_DOCUMENTATION_COMMENTS = YES;
				CLANG_WARN_EMPTY_BODY = YES;
				CLANG_WARN_ENUM_CONVERSION = YES;
				CLANG_WARN_INFINITE_RECURSION = YES;
				CLANG_WARN_INT_CONVERSION = YES;
				CLANG_WARN_NON_LITERAL_NULL_CONVERSION = YES;
				CLANG_WARN_OBJC_IMPLICIT_RETAIN_SELF = YES;
				CLANG_WARN_OBJC_LITERAL_CONVERSION = YES;
				CLANG_WARN_OBJC_ROOT_CLASS = YES_ERROR;
				CLANG_WARN_QUOTED_INCLUDE_IN_FRAMEWORK_HEADER = YES;
				CLANG_WARN_RANGE_LOOP_ANALYSIS = YES;
				CLANG_WARN_STRICT_PROTOTYPES = YES;
				CLANG_WARN_SUSPICIOUS_MOVE = YES;
				CLANG_WARN_UNGUARDED_AVAILABILITY = YES_AGGRESSIVE;
				CLANG_WARN_UNREACHABLE_CODE = YES;
				CLANG_WARN__DUPLICATE_METHOD_MATCH = YES;
				COPY_PHASE_STRIP = NO;
				DEBUG_INFORMATION_FORMAT = "dwarf-with-dsym";
				ENABLE_NS_ASSERTIONS = NO;
				ENABLE_STRICT_OBJC_MSGSEND = YES;
				GCC_C_LANGUAGE_STANDARD = gnu11;
				GCC_NO_COMMON_BLOCKS = YES;
				GCC_WARN_64_TO_32_BIT_CONVERSION = YES;
				GCC_WARN_ABOUT_RETURN_TYPE = YES_ERROR;
				GCC_WARN_UNDECLARED_SELECTOR = YES;
				GCC_WARN_UNINITIALIZED_AUTOS = YES_AGGRESSIVE;
				GCC_WARN_UNUSED_FUNCTION = YES;
				GCC_WARN_UNUSED_VARIABLE = YES;
				MTL_ENABLE_DEBUG_INFO = NO;
				MTL_FAST_MATH = YES;
				SWIFT_COMPILATION_MODE = wholemodule;
				SWIFT_OPTIMIZATION_LEVEL = "-O";
			};
			name = Release;
		};
		325598F02887C9A100089BE9 /* Debug */ = {
			isa = XCBuildConfiguration;
			buildSettings = {
				ASSETCATALOG_COMPILER_APPICON_NAME = AppIcon;
				ASSETCATALOG_COMPILER_GLOBAL_ACCENT_COLOR_NAME = AccentColor;
				CODE_SIGN_ENTITLEMENTS = "focused (iOS).entitlements";
				CODE_SIGN_STYLE = Automatic;
				CURRENT_PROJECT_VERSION = 1;
				DEVELOPMENT_TEAM = QX95ZBX89A;
				ENABLE_PREVIEWS = YES;
				GENERATE_INFOPLIST_FILE = YES;
				INFOPLIST_KEY_UIApplicationSceneManifest_Generation = YES;
				INFOPLIST_KEY_UIApplicationSupportsIndirectInputEvents = YES;
				INFOPLIST_KEY_UILaunchScreen_Generation = YES;
				INFOPLIST_KEY_UISupportedInterfaceOrientations = "UIInterfaceOrientationPortrait UIInterfaceOrientationLandscapeLeft UIInterfaceOrientationLandscapeRight";
				INFOPLIST_KEY_UISupportedInterfaceOrientations_iPad = "UIInterfaceOrientationPortrait UIInterfaceOrientationPortraitUpsideDown UIInterfaceOrientationLandscapeLeft UIInterfaceOrientationLandscapeRight";
				INFOPLIST_KEY_UISupportedInterfaceOrientations_iPhone = "UIInterfaceOrientationPortrait UIInterfaceOrientationLandscapeLeft UIInterfaceOrientationLandscapeRight";
				IPHONEOS_DEPLOYMENT_TARGET = 15.5;
				LD_RUNPATH_SEARCH_PATHS = (
					"$(inherited)",
					"@executable_path/Frameworks",
				);
				MARKETING_VERSION = 1.0;
				PRODUCT_BUNDLE_IDENTIFIER = ada.tutorial.focused;
				PRODUCT_NAME = focused;
				SDKROOT = iphoneos;
				SWIFT_EMIT_LOC_STRINGS = YES;
				SWIFT_VERSION = 5.0;
				TARGETED_DEVICE_FAMILY = "1,2";
			};
			name = Debug;
		};
		325598F12887C9A100089BE9 /* Release */ = {
			isa = XCBuildConfiguration;
			buildSettings = {
				ASSETCATALOG_COMPILER_APPICON_NAME = AppIcon;
				ASSETCATALOG_COMPILER_GLOBAL_ACCENT_COLOR_NAME = AccentColor;
				CODE_SIGN_ENTITLEMENTS = "focused (iOS).entitlements";
				CODE_SIGN_STYLE = Automatic;
				CURRENT_PROJECT_VERSION = 1;
				DEVELOPMENT_TEAM = QX95ZBX89A;
				ENABLE_PREVIEWS = YES;
				GENERATE_INFOPLIST_FILE = YES;
				INFOPLIST_KEY_UIApplicationSceneManifest_Generation = YES;
				INFOPLIST_KEY_UIApplicationSupportsIndirectInputEvents = YES;
				INFOPLIST_KEY_UILaunchScreen_Generation = YES;
				INFOPLIST_KEY_UISupportedInterfaceOrientations = "UIInterfaceOrientationPortrait UIInterfaceOrientationLandscapeLeft UIInterfaceOrientationLandscapeRight";
				INFOPLIST_KEY_UISupportedInterfaceOrientations_iPad = "UIInterfaceOrientationPortrait UIInterfaceOrientationPortraitUpsideDown UIInterfaceOrientationLandscapeLeft UIInterfaceOrientationLandscapeRight";
				INFOPLIST_KEY_UISupportedInterfaceOrientations_iPhone = "UIInterfaceOrientationPortrait UIInterfaceOrientationLandscapeLeft UIInterfaceOrientationLandscapeRight";
				IPHONEOS_DEPLOYMENT_TARGET = 15.5;
				LD_RUNPATH_SEARCH_PATHS = (
					"$(inherited)",
					"@executable_path/Frameworks",
				);
				MARKETING_VERSION = 1.0;
				PRODUCT_BUNDLE_IDENTIFIER = ada.tutorial.focused;
				PRODUCT_NAME = focused;
				SDKROOT = iphoneos;
				SWIFT_EMIT_LOC_STRINGS = YES;
				SWIFT_VERSION = 5.0;
				TARGETED_DEVICE_FAMILY = "1,2";
				VALIDATE_PRODUCT = YES;
			};
			name = Release;
		};
		325598F32887C9A100089BE9 /* Debug */ = {
			isa = XCBuildConfiguration;
			buildSettings = {
				ASSETCATALOG_COMPILER_APPICON_NAME = AppIcon;
				ASSETCATALOG_COMPILER_GLOBAL_ACCENT_COLOR_NAME = AccentColor;
				CODE_SIGN_ENTITLEMENTS = macOS/macOS.entitlements;
				CODE_SIGN_STYLE = Automatic;
				COMBINE_HIDPI_IMAGES = YES;
				CURRENT_PROJECT_VERSION = 1;
				DEVELOPMENT_TEAM = QX95ZBX89A;
				ENABLE_HARDENED_RUNTIME = YES;
				ENABLE_PREVIEWS = YES;
				GENERATE_INFOPLIST_FILE = YES;
				INFOPLIST_KEY_NSHumanReadableCopyright = "";
				LD_RUNPATH_SEARCH_PATHS = (
					"$(inherited)",
					"@executable_path/../Frameworks",
				);
				MACOSX_DEPLOYMENT_TARGET = 12.3;
				MARKETING_VERSION = 1.0;
				PRODUCT_BUNDLE_IDENTIFIER = ada.tutorial.focused;
				PRODUCT_NAME = focused;
				SDKROOT = macosx;
				SWIFT_EMIT_LOC_STRINGS = YES;
				SWIFT_VERSION = 5.0;
			};
			name = Debug;
		};
		325598F42887C9A100089BE9 /* Release */ = {
			isa = XCBuildConfiguration;
			buildSettings = {
				ASSETCATALOG_COMPILER_APPICON_NAME = AppIcon;
				ASSETCATALOG_COMPILER_GLOBAL_ACCENT_COLOR_NAME = AccentColor;
				CODE_SIGN_ENTITLEMENTS = macOS/macOS.entitlements;
				CODE_SIGN_STYLE = Automatic;
				COMBINE_HIDPI_IMAGES = YES;
				CURRENT_PROJECT_VERSION = 1;
				DEVELOPMENT_TEAM = QX95ZBX89A;
				ENABLE_HARDENED_RUNTIME = YES;
				ENABLE_PREVIEWS = YES;
				GENERATE_INFOPLIST_FILE = YES;
				INFOPLIST_KEY_NSHumanReadableCopyright = "";
				LD_RUNPATH_SEARCH_PATHS = (
					"$(inherited)",
					"@executable_path/../Frameworks",
				);
				MACOSX_DEPLOYMENT_TARGET = 12.3;
				MARKETING_VERSION = 1.0;
				PRODUCT_BUNDLE_IDENTIFIER = ada.tutorial.focused;
				PRODUCT_NAME = focused;
				SDKROOT = macosx;
				SWIFT_EMIT_LOC_STRINGS = YES;
				SWIFT_VERSION = 5.0;
			};
			name = Release;
		};
/* End XCBuildConfiguration section */

/* Begin XCConfigurationList section */
		325598CE2887C9A000089BE9 /* Build configuration list for PBXProject "focused" */ = {
			isa = XCConfigurationList;
			buildConfigurations = (
				325598ED2887C9A100089BE9 /* Debug */,
				325598EE2887C9A100089BE9 /* Release */,
			);
			defaultConfigurationIsVisible = 0;
			defaultConfigurationName = Release;
		};
		325598EF2887C9A100089BE9 /* Build configuration list for PBXNativeTarget "focused (iOS)" */ = {
			isa = XCConfigurationList;
			buildConfigurations = (
				325598F02887C9A100089BE9 /* Debug */,
				325598F12887C9A100089BE9 /* Release */,
			);
			defaultConfigurationIsVisible = 0;
			defaultConfigurationName = Release;
		};
		325598F22887C9A100089BE9 /* Build configuration list for PBXNativeTarget "focused (macOS)" */ = {
			isa = XCConfigurationList;
			buildConfigurations = (
				325598F32887C9A100089BE9 /* Debug */,
				325598F42887C9A100089BE9 /* Release */,
			);
			defaultConfigurationIsVisible = 0;
			defaultConfigurationName = Release;
		};
/* End XCConfigurationList section */

/* Begin XCVersionGroup section */
		325598D02887C9A000089BE9 /* focused.xcdatamodeld */ = {
			isa = XCVersionGroup;
			children = (
				325598D12887C9A000089BE9 /* Shared.xcdatamodel */,
			);
			currentVersion = 325598D12887C9A000089BE9 /* Shared.xcdatamodel */;
			path = focused.xcdatamodeld;
			sourceTree = "<group>";
			versionGroupType = wrapper.xcdatamodel;
		};
/* End XCVersionGroup section */
	};
	rootObject = 325598CB2887C9A000089BE9 /* Project object */;
}
